
Microsoft Visual Studio Solution File, Format Version 12.00
# Visual Studio Version 17
VisualStudioVersion = 17.0.32126.317
MinimumVisualStudioVersion = 10.0.40219.1
Project("{9A19103F-16F7-4668-BE54-9A1E7A4F7556}") = "AnvilStore", "AnvilStore.csproj", "{D23B8B24-6109-49CD-ACC2-60ACD029BE12}"
EndProject
Project("{FAE04EC0-301F-11D3-BF4B-00C04F79EFBC}") = "AnvilStore.UnitTests", "..\AnvilStore.UnitTests\AnvilStore.UnitTests.csproj", "{0F4FD889-BCDA-472E-9CF8-77B7E91A7EEF}"
EndProject
Global
	GlobalSection(SolutionConfigurationPlatforms) = preSolution
		Debug|Any CPU = Debug|Any CPU
		Release|Any CPU = Release|Any CPU
	EndGlobalSection
	GlobalSection(ProjectConfigurationPlatforms) = postSolution
		{D23B8B24-6109-49CD-ACC2-60ACD029BE12}.Debug|Any CPU.ActiveCfg = Debug|Any CPU
		{D23B8B24-6109-49CD-ACC2-60ACD029BE12}.Debug|Any CPU.Build.0 = Debug|Any CPU
		{D23B8B24-6109-49CD-ACC2-60ACD029BE12}.Release|Any CPU.ActiveCfg = Release|Any CPU
		{D23B8B24-6109-49CD-ACC2-60ACD029BE12}.Release|Any CPU.Build.0 = Release|Any CPU
		{0F4FD889-BCDA-472E-9CF8-77B7E91A7EEF}.Debug|Any CPU.ActiveCfg = Debug|Any CPU
		{0F4FD889-BCDA-472E-9CF8-77B7E91A7EEF}.Debug|Any CPU.Build.0 = Debug|Any CPU
		{0F4FD889-BCDA-472E-9CF8-77B7E91A7EEF}.Release|Any CPU.ActiveCfg = Release|Any CPU
		{0F4FD889-BCDA-472E-9CF8-77B7E91A7EEF}.Release|Any CPU.Build.0 = Release|Any CPU
	EndGlobalSection
	GlobalSection(SolutionProperties) = preSolution
		HideSolutionNode = FALSE
	EndGlobalSection
	GlobalSection(ExtensibilityGlobals) = postSolution
		SolutionGuid = {A303DC43-3C29-4994-8159-342278090911}
	EndGlobalSection
EndGlobal
